PODS:
  - AFNetworking (2.2.4):
    - AFNetworking/NSURLConnection
    - AFNetworking/NSURLSession
    - AFNetworking/Reachability
    - AFNetworking/Security
    - AFNetworking/Serialization
    - AFNetworking/UIKit
  - AFNetworking/NSURLConnection (2.2.4):
    - AFNetworking/Reachability
    - AFNetworking/Security
    - AFNetworking/Serialization
  - AFNetworking/NSURLSession (2.2.4):
    - AFNetworking/NSURLConnection
  - AFNetworking/Reachability (2.2.4)
  - AFNetworking/Security (2.2.4)
  - AFNetworking/Serialization (2.2.4)
  - AFNetworking/UIKit (2.2.4):
    - AFNetworking/NSURLConnection
    - AFNetworking/NSURLSession
  - CTidy (0.3.1)
  - CXFeedParser (0.2.0):
    - CXFeedParser/Feed
  - CXFeedParser/Feed (0.2.0):
    - CTidy (~> 0.3.1)
  - Google-Maps-iOS-SDK (1.8.1)
  - HexColors (2.2.1)
  - ISRefreshControl (1.0.2)
  - LBBlurredImage (0.2.0)
  - Mantle (1.5):
    - Mantle/extobjc
  - Mantle/extobjc (1.5)
  - MBProgressHUD (0.8)
  - MMDrawerController (0.5.5):
    - MMDrawerController/Core
    - MMDrawerController/MMDrawerBarButtonItem
    - MMDrawerController/MMDrawerVisualStates
    - MMDrawerController/Subclass
  - MMDrawerController/Core (0.5.5)
  - MMDrawerController/MMDrawerBarButtonItem (0.5.5):
    - MMDrawerController/Core
  - MMDrawerController/MMDrawerVisualStates (0.5.5):
    - MMDrawerController/Core
  - MMDrawerController/Subclass (0.5.5):
    - MMDrawerController/Core
  - MZDayPicker (0.0.5)
  - PBWebViewController (0.2)
  - ReactiveCocoa (2.3):
    - ReactiveCocoa/UI
  - ReactiveCocoa/Core (2.3):
    - ReactiveCocoa/no-arc
  - ReactiveCocoa/no-arc (2.3)
  - ReactiveCocoa/UI (2.3):
    - ReactiveCocoa/Core
  - REMenu (1.8.5)
  - SDWebImage (3.6):
    - SDWebImage/Core
  - SDWebImage/Core (3.6)
  - STTwitter (0.1.2)
  - TSMessages (0.9.9):
    - HexColors
  - TTTAttributedLabel (1.10.0)

DEPENDENCIES:
  - AFNetworking
  - CXFeedParser
  - Google-Maps-iOS-SDK
  - ISRefreshControl (~> 1.0.2)
  - LBBlurredImage
  - Mantle
  - MBProgressHUD
  - MMDrawerController (~> 0.5.0)
  - MZDayPicker (~> 0.0.5)
  - PBWebViewController
  - ReactiveCocoa
  - REMenu (~> 1.5)
  - SDWebImage
  - STTwitter
  - TSMessages
  - TTTAttributedLabel

SPEC CHECKSUMS:
  AFNetworking: ab63e259fe91eef4519b371ef0a4955af0e73e64
  CTidy: b9586005d12def66cf4295256e9a2f49ee7dca66
  CXFeedParser: 7f80037c506350cc1901ec24d4af897ff30b553f
  Google-Maps-iOS-SDK: 542561448224b92d790483674b7313b13764e624
  HexColors: 01384d2bbe8dc4ffa43c3b4135db6e976952d153
  ISRefreshControl: faad39560f13568fb148f5b95b6b0b4977a6c862
  LBBlurredImage: 30cc42be977bbcece286d26d2d9c08b8be7f05e8
  Mantle: c67a7e45e14196ed42b2a7cbb98ff6a9920e6b92
  MBProgressHUD: c356980b0cd097f19acec959b49dca5eb8ec31be
  MMDrawerController: 45c08be28375eac9f0ecaa75f1f0e47eb38c8eb1
  MZDayPicker: 764a603e74918cca830323ebb4e016aab1f40085
  PBWebViewController: 4ce33129c0f0adfce9cec105be4d48c7c9b70026
  ReactiveCocoa: 2066583826c17dde8e90c41e489f682048cc57c9
  REMenu: e1512b09121d3f8fd9bb533423ac467675eef95c
  SDWebImage: c6989652c1cdf27cbdf3f56957e2030f825af5bc
  STTwitter: 88af2fa2eae850b8075a247b8b4fa5563c803b0e
  TSMessages: 2999ef55e532378692e9d14d32da2bb60e285129
  TTTAttributedLabel: c3a11b538bc7beb4815f156e2ba4b066929e13f9

COCOAPODS: 0.33.1
